// !$*UTF8*$!
{
	archiveVersion = 1;
	classes = {
	};
	objectVersion = 46;
	objects = {

/* Begin PBXBuildFile section */
		1D02B9351A39746600C7466A /* AppDelegate.swift in Sources */ = {isa = PBXBuildFile; fileRef = 1D02B9341A39746600C7466A /* AppDelegate.swift */; };
		1D02B9371A39746600C7466A /* ViewController.swift in Sources */ = {isa = PBXBuildFile; fileRef = 1D02B9361A39746600C7466A /* ViewController.swift */; };
		1D02B93A1A39746600C7466A /* Main.storyboard in Resources */ = {isa = PBXBuildFile; fileRef = 1D02B9381A39746600C7466A /* Main.storyboard */; };
		1D02B93C1A39746600C7466A /* Images.xcassets in Resources */ = {isa = PBXBuildFile; fileRef = 1D02B93B1A39746600C7466A /* Images.xcassets */; };
		1D02B93F1A39746600C7466A /* LaunchScreen.xib in Resources */ = {isa = PBXBuildFile; fileRef = 1D02B93D1A39746600C7466A /* LaunchScreen.xib */; };
		1D02B94B1A39746700C7466A /* PostcardTests.swift in Sources */ = {isa = PBXBuildFile; fileRef = 1D02B94A1A39746700C7466A /* PostcardTests.swift */; };
		1D02B9551A39943900C7466A /* SagradaFamilia.jpeg in Resources */ = {isa = PBXBuildFile; fileRef = 1D02B9541A39943900C7466A /* SagradaFamilia.jpeg */; };
		1D02B9571A39A1BB00C7466A /* AlbertEinsteinStamp.jpg in Resources */ = {isa = PBXBuildFile; fileRef = 1D02B9561A39A1BB00C7466A /* AlbertEinsteinStamp.jpg */; };
/* End PBXBuildFile section */

/* Begin PBXContainerItemProxy section */
		1D02B9451A39746700C7466A /* PBXContainerItemProxy */ = {
			isa = PBXContainerItemProxy;
			containerPortal = 1D02B9271A39746600C7466A /* Project object */;
			proxyType = 1;
			remoteGlobalIDString = 1D02B92E1A39746600C7466A;
			remoteInfo = Postcard;
		};
/* End PBXContainerItemProxy section */

/* Begin PBXFileReference section */
		1D02B92F1A39746600C7466A /* Postcard.app */ = {isa = PBXFileReference; explicitFileType = wrapper.application; includeInIndex = 0; path = Postcard.app; sourceTree = BUILT_PRODUCTS_DIR; };
		1D02B9331A39746600C7466A /* Info.plist */ = {isa = PBXFileReference; lastKnownFileType = text.plist.xml; path = Info.plist; sourceTree = "<group>"; };
		1D02B9341A39746600C7466A /* AppDelegate.swift */ = {isa = PBXFileReference; lastKnownFileType = sourcecode.swift; path = AppDelegate.swift; sourceTree = "<group>"; };
		1D02B9361A39746600C7466A /* ViewController.swift */ = {isa = PBXFileReference; lastKnownFileType = sourcecode.swift; path = ViewController.swift; sourceTree = "<group>"; };
		1D02B9391A39746600C7466A /* Base */ = {isa = PBXFileReference; lastKnownFileType = file.storyboard; name = Base; path = Base.lproj/Main.storyboard; sourceTree = "<group>"; };
		1D02B93B1A39746600C7466A /* Images.xcassets */ = {isa = PBXFileReference; lastKnownFileType = folder.assetcatalog; path = Images.xcassets; sourceTree = "<group>"; };
		1D02B93E1A39746600C7466A /* Base */ = {isa = PBXFileReference; lastKnownFileType = file.xib; name = Base; path = Base.lproj/LaunchScreen.xib; sourceTree = "<group>"; };
		1D02B9441A39746700C7466A /* PostcardTests.xctest */ = {isa = PBXFileReference; explicitFileType = wrapper.cfbundle; includeInIndex = 0; path = PostcardTests.xctest; sourceTree = BUILT_PRODUCTS_DIR; };
		1D02B9491A39746700C7466A /* Info.plist */ = {isa = PBXFileReference; lastKnownFileType = text.plist.xml; path = Info.plist; sourceTree = "<group>"; };
		1D02B94A1A39746700C7466A /* PostcardTests.swift */ = {isa = PBXFileReference; lastKnownFileType = sourcecode.swift; path = PostcardTests.swift; sourceTree = "<group>"; };
		1D02B9541A39943900C7466A /* SagradaFamilia.jpeg */ = {isa = PBXFileReference; lastKnownFileType = image.jpeg; path = SagradaFamilia.jpeg; sourceTree = "<group>"; };
		1D02B9561A39A1BB00C7466A /* AlbertEinsteinStamp.jpg */ = {isa = PBXFileReference; lastKnownFileType = image.jpeg; path = AlbertEinsteinStamp.jpg; sourceTree = "<group>"; };
/* End PBXFileReference section */

/* Begin PBXFrameworksBuildPhase section */
		1D02B92C1A39746600C7466A /* Frameworks */ = {
			isa = PBXFrameworksBuildPhase;
			buildActionMask = 2147483647;
			files = (
			);
			runOnlyForDeploymentPostprocessing = 0;
		};
		1D02B9411A39746700C7466A /* Frameworks */ = {
			isa = PBXFrameworksBuildPhase;
			buildActionMask = 2147483647;
			files = (
			);
			runOnlyForDeploymentPostprocessing = 0;
		};
/* End PBXFrameworksBuildPhase section */

/* Begin PBXGroup section */
		1D02B9261A39746600C7466A = {
			isa = PBXGroup;
			children = (
				1D02B9311A39746600C7466A /* Postcard */,
				1D02B9471A39746700C7466A /* PostcardTests */,
				1D02B9301A39746600C7466A /* Products */,
			);
			sourceTree = "<group>";
		};
		1D02B9301A39746600C7466A /* Products */ = {
			isa = PBXGroup;
			children = (
				1D02B92F1A39746600C7466A /* Postcard.app */,
				1D02B9441A39746700C7466A /* PostcardTests.xctest */,
			);
			name = Products;
			sourceTree = "<group>";
		};
		1D02B9311A39746600C7466A /* Postcard */ = {
			isa = PBXGroup;
			children = (
				1D02B9341A39746600C7466A /* AppDelegate.swift */,
				1D02B9361A39746600C7466A /* ViewController.swift */,
				1D02B9381A39746600C7466A /* Main.storyboard */,
				1D02B93B1A39746600C7466A /* Images.xcassets */,
				1D02B93D1A39746600C7466A /* LaunchScreen.xib */,
				1D02B9321A39746600C7466A /* Supporting Files */,
			);
			path = Postcard;
			sourceTree = "<group>";
		};
		1D02B9321A39746600C7466A /* Supporting Files */ = {
			isa = PBXGroup;
			children = (
				1D02B9561A39A1BB00C7466A /* AlbertEinsteinStamp.jpg */,
				1D02B9541A39943900C7466A /* SagradaFamilia.jpeg */,
				1D02B9331A39746600C7466A /* Info.plist */,
			);
			name = "Supporting Files";
			sourceTree = "<group>";
		};
		1D02B9471A39746700C7466A /* PostcardTests */ = {
			isa = PBXGroup;
			children = (
				1D02B94A1A39746700C7466A /* PostcardTests.swift */,
				1D02B9481A39746700C7466A /* Supporting Files */,
			);
			path = PostcardTests;
			sourceTree = "<group>";
		};
		1D02B9481A39746700C7466A /* Supporting Files */ = {
			isa = PBXGroup;
			children = (
				1D02B9491A39746700C7466A /* Info.plist */,
			);
			name = "Supporting Files";
			sourceTree = "<group>";
		};
/* End PBXGroup section */

/* Begin PBXNativeTarget section */
		1D02B92E1A39746600C7466A /* Postcard */ = {
			isa = PBXNativeTarget;
			buildConfigurationList = 1D02B94E1A39746700C7466A /* Build configuration list for PBXNativeTarget "Postcard" */;
			buildPhases = (
				1D02B92B1A39746600C7466A /* Sources */,
				1D02B92C1A39746600C7466A /* Frameworks */,
				1D02B92D1A39746600C7466A /* Resources */,
			);
			buildRules = (
			);
			dependencies = (
			);
			name = Postcard;
			productName = Postcard;
			productReference = 1D02B92F1A39746600C7466A /* Postcard.app */;
			productType = "com.apple.product-type.application";
		};
		1D02B9431A39746700C7466A /* PostcardTests */ = {
			isa = PBXNativeTarget;
			buildConfigurationList = 1D02B9511A39746700C7466A /* Build configuration list for PBXNativeTarget "PostcardTests" */;
			buildPhases = (
				1D02B9401A39746700C7466A /* Sources */,
				1D02B9411A39746700C7466A /* Frameworks */,
				1D02B9421A39746700C7466A /* Resources */,
			);
			buildRules = (
			);
			dependencies = (
				1D02B9461A39746700C7466A /* PBXTargetDependency */,
			);
			name = PostcardTests;
			productName = PostcardTests;
			productReference = 1D02B9441A39746700C7466A /* PostcardTests.xctest */;
			productType = "com.apple.product-type.bundle.unit-test";
		};
/* End PBXNativeTarget section */

/* Begin PBXProject section */
		1D02B9271A39746600C7466A /* Project object */ = {
			isa = PBXProject;
			attributes = {
				LastUpgradeCheck = 0610;
				ORGANIZATIONNAME = "Gayathri Colundalur";
				TargetAttributes = {
					1D02B92E1A39746600C7466A = {
						CreatedOnToolsVersion = 6.1.1;
					};
					1D02B9431A39746700C7466A = {
						CreatedOnToolsVersion = 6.1.1;
						TestTargetID = 1D02B92E1A39746600C7466A;
					};
				};
			};
			buildConfigurationList = 1D02B92A1A39746600C7466A /* Build configuration list for PBXProject "Postcard" */;
			compatibilityVersion = "Xcode 3.2";
			developmentRegion = English;
			hasScannedForEncodings = 0;
			knownRegions = (
				en,
				Base,
			);
			mainGroup = 1D02B9261A39746600C7466A;
			productRefGroup = 1D02B9301A39746600C7466A /* Products */;
			projectDirPath = "";
			projectRoot = "";
			targets = (
				1D02B92E1A39746600C7466A /* Postcard */,
				1D02B9431A39746700C7466A /* PostcardTests */,
			);
		};
/* End PBXProject section */

/* Begin PBXResourcesBuildPhase section */
		1D02B92D1A39746600C7466A /* Resources */ = {
			isa = PBXResourcesBuildPhase;
			buildActionMask = 2147483647;
			files = (
				1D02B93A1A39746600C7466A /* Main.storyboard in Resources */,
				1D02B9551A39943900C7466A /* SagradaFamilia.jpeg in Resources */,
				1D02B9571A39A1BB00C7466A /* AlbertEinsteinStamp.jpg in Resources */,
				1D02B93F1A39746600C7466A /* LaunchScreen.xib in Resources */,
				1D02B93C1A39746600C7466A /* Images.xcassets in Resources */,
			);
			runOnlyForDeploymentPostprocessing = 0;
		};
		1D02B9421A39746700C7466A /* Resources */ = {
			isa = PBXResourcesBuildPhase;
			buildActionMask = 2147483647;
			files = (
			);
			runOnlyForDeploymentPostprocessing = 0;
		};
/* End PBXResourcesBuildPhase section */

/* Begin PBXSourcesBuildPhase section */
		1D02B92B1A39746600C7466A /* Sources */ = {
			isa = PBXSourcesBuildPhase;
			buildActionMask = 2147483647;
			files = (
				1D02B9371A39746600C7466A /* ViewController.swift in Sources */,
				1D02B9351A39746600C7466A /* AppDelegate.swift in Sources */,
			);
			runOnlyForDeploymentPostprocessing = 0;
		};
		1D02B9401A39746700C7466A /* Sources */ = {
			isa = PBXSourcesBuildPhase;
			buildActionMask = 2147483647;
			files = (
				1D02B94B1A39746700C7466A /* PostcardTests.swift in Sources */,
			);
			runOnlyForDeploymentPostprocessing = 0;
		};
/* End PBXSourcesBuildPhase section */

/* Begin PBXTargetDependency section */
		1D02B9461A39746700C7466A /* PBXTargetDependency */ = {
			isa = PBXTargetDependency;
			target = 1D02B92E1A39746600C7466A /* Postcard */;
			targetProxy = 1D02B9451A39746700C7466A /* PBXContainerItemProxy */;
		};
/* End PBXTargetDependency section */

/* Begin PBXVariantGroup section */
		1D02B9381A39746600C7466A /* Main.storyboard */ = {
			isa = PBXVariantGroup;
			children = (
				1D02B9391A39746600C7466A /* Base */,
			);
			name = Main.storyboard;
			sourceTree = "<group>";
		};
		1D02B93D1A39746600C7466A /* LaunchScreen.xib */ = {
			isa = PBXVariantGroup;
			children = (
				1D02B93E1A39746600C7466A /* Base */,
			);
			name = LaunchScreen.xib;
			sourceTree = "<group>";
		};
/* End PBXVariantGroup section */

/* Begin XCBuildConfiguration section */
		1D02B94C1A39746700C7466A /* Debug */ = {
			isa = XCBuildConfiguration;
			buildSettings = {
				ALWAYS_SEARCH_USER_PATHS = NO;
				CLANG_CXX_LANGUAGE_STANDARD = "gnu++0x";
				CLANG_CXX_LIBRARY = "libc++";
				CLANG_ENABLE_MODULES = YES;
				CLANG_ENABLE_OBJC_ARC = YES;
				CLANG_WARN_BOOL_CONVERSION = YES;
				CLANG_WARN_CONSTANT_CONVERSION = YES;
				CLANG_WARN_DIRECT_OBJC_ISA_USAGE = YES_ERROR;
				CLANG_WARN_EMPTY_BODY = YES;
				CLANG_WARN_ENUM_CONVERSION = YES;
				CLANG_WARN_INT_CONVERSION = YES;
				CLANG_WARN_OBJC_ROOT_CLASS = YES_ERROR;
				CLANG_WARN_UNREACHABLE_CODE = YES;
				CLANG_WARN__DUPLICATE_METHOD_MATCH = YES;
				"CODE_SIGN_IDENTITY[sdk=iphoneos*]" = "iPhone Developer";
				COPY_PHASE_STRIP = NO;
				ENABLE_STRICT_OBJC_MSGSEND = YES;
				GCC_C_LANGUAGE_STANDARD = gnu99;
				GCC_DYNAMIC_NO_PIC = NO;
				GCC_OPTIMIZATION_LEVEL = 0;
				GCC_PREPROCESSOR_DEFINITIONS = (
					"DEBUG=1",
					"$(inherited)",
				);
				GCC_SYMBOLS_PRIVATE_EXTERN = NO;
				GCC_WARN_64_TO_32_BIT_CONVERSION = YES;
				GCC_WARN_ABOUT_RETURN_TYPE = YES_ERROR;
				GCC_WARN_UNDECLARED_SELECTOR = YES;
				GCC_WARN_UNINITIALIZED_AUTOS = YES_AGGRESSIVE;
				GCC_WARN_UNUSED_FUNCTION = YES;
				GCC_WARN_UNUSED_VARIABLE = YES;
				IPHONEOS_DEPLOYMENT_TARGET = 8.1;
				MTL_ENABLE_DEBUG_INFO = YES;
				ONLY_ACTIVE_ARCH = YES;
				SDKROOT = iphoneos;
				SWIFT_OPTIMIZATION_LEVEL = "-Onone";
				TARGETED_DEVICE_FAMILY = "1,2";
			};
			name = Debug;
		};
		1D02B94D1A39746700C7466A /* Release */ = {
			isa = XCBuildConfiguration;
			buildSettings = {
				ALWAYS_SEARCH_USER_PATHS = NO;
				CLANG_CXX_LANGUAGE_STANDARD = "gnu++0x";
				CLANG_CXX_LIBRARY = "libc++";
				CLANG_ENABLE_MODULES = YES;
				CLANG_ENABLE_OBJC_ARC = YES;
				CLANG_WARN_BOOL_CONVERSION = YES;
				CLANG_WARN_CONSTANT_CONVERSION = YES;
				CLANG_WARN_DIRECT_OBJC_ISA_USAGE = YES_ERROR;
				CLANG_WARN_EMPTY_BODY = YES;
				CLANG_WARN_ENUM_CONVERSION = YES;
				CLANG_WARN_INT_CONVERSION = YES;
				CLANG_WARN_OBJC_ROOT_CLASS = YES_ERROR;
				CLANG_WARN_UNREACHABLE_CODE = YES;
				CLANG_WARN__DUPLICATE_METHOD_MATCH = YES;
				"CODE_SIGN_IDENTITY[sdk=iphoneos*]" = "iPhone Developer";
				COPY_PHASE_STRIP = YES;
				ENABLE_NS_ASSERTIONS = NO;
				ENABLE_STRICT_OBJC_MSGSEND = YES;
				GCC_C_LANGUAGE_STANDARD = gnu99;
				GCC_WARN_64_TO_32_BIT_CONVERSION = YES;
				GCC_WARN_ABOUT_RETURN_TYPE = YES_ERROR;
				GCC_WARN_UNDECLARED_SELECTOR = YES;
				GCC_WARN_UNINITIALIZED_AUTOS = YES_AGGRESSIVE;
				GCC_WARN_UNUSED_FUNCTION = YES;
				GCC_WARN_UNUSED_VARIABLE = YES;
				IPHONEOS_DEPLOYMENT_TARGET = 8.1;
				MTL_ENABLE_DEBUG_INFO = NO;
				SDKROOT = iphoneos;
				TARGETED_DEVICE_FAMILY = "1,2";
				VALIDATE_PRODUCT = YES;
			};
			name = Release;
		};
		1D02B94F1A39746700C7466A /* Debug */ = {
			isa = XCBuildConfiguration;
			buildSettings = {
				ASSETCATALOG_COMPILER_APPICON_NAME = AppIcon;
				INFOPLIST_FILE = Postcard/Info.plist;
				LD_RUNPATH_SEARCH_PATHS = "$(inherited) @executable_path/Frameworks";
				PRODUCT_NAME = "$(TARGET_NAME)";
			};
			name = Debug;
		};
		1D02B9501A39746700C7466A /* Release */ = {
			isa = XCBuildConfiguration;
			buildSettings = {
				ASSETCATALOG_COMPILER_APPICON_NAME = AppIcon;
				INFOPLIST_FILE = Postcard/Info.plist;
				LD_RUNPATH_SEARCH_PATHS = "$(inherited) @executable_path/Frameworks";
				PRODUCT_NAME = "$(TARGET_NAME)";
			};
			name = Release;
		};
		1D02B9521A39746700C7466A /* Debug */ = {
			isa = XCBuildConfiguration;
			buildSettings = {
				BUNDLE_LOADER = "$(TEST_HOST)";
				FRAMEWORK_SEARCH_PATHS = (
					"$(SDKROOT)/Developer/Library/Frameworks",
					"$(inherited)",
				);
				GCC_PREPROCESSOR_DEFINITIONS = (
					"DEBUG=1",
					"$(inherited)",
				);
				INFOPLIST_FILE = PostcardTests/Info.plist;
				LD_RUNPATH_SEARCH_PATHS = "$(inherited) @executable_path/Frameworks @loader_path/Frameworks";
				PRODUCT_NAME = "$(TARGET_NAME)";
				TEST_HOST = "$(BUILT_PRODUCTS_DIR)/Postcard.app/Postcard";
			};
			name = Debug;
		};
		1D02B9531A39746700C7466A /* Release */ = {
			isa = XCBuildConfiguration;
			buildSettings = {
				BUNDLE_LOADER = "$(TEST_HOST)";
				FRAMEWORK_SEARCH_PATHS = (
					"$(SDKROOT)/Developer/Library/Frameworks",
					"$(inherited)",
				);
				INFOPLIST_FILE = PostcardTests/Info.plist;
				LD_RUNPATH_SEARCH_PATHS = "$(inherited) @executable_path/Frameworks @loader_path/Frameworks";
				PRODUCT_NAME = "$(TARGET_NAME)";
				TEST_HOST = "$(BUILT_PRODUCTS_DIR)/Postcard.app/Postcard";
			};
			name = Release;
		};
/* End XCBuildConfiguration section */

/* Begin XCConfigurationList section */
		1D02B92A1A39746600C7466A /* Build configuration list for PBXProject "Postcard" */ = {
			isa = XCConfigurationList;
			buildConfigurations = (
				1D02B94C1A39746700C7466A /* Debug */,
				1D02B94D1A39746700C7466A /* Release */,
			);
			defaultConfigurationIsVisible = 0;
			defaultConfigurationName = Release;
		};
		1D02B94E1A39746700C7466A /* Build configuration list for PBXNativeTarget "Postcard" */ = {
			isa = XCConfigurationList;
			buildConfigurations = (
				1D02B94F1A39746700C7466A /* Debug */,
				1D02B9501A39746700C7466A /* Release */,
			);
			defaultConfigurationIsVisible = 0;
		};
		1D02B9511A39746700C7466A /* Build configuration list for PBXNativeTarget "PostcardTests" */ = {
			isa = XCConfigurationList;
			buildConfigurations = (
				1D02B9521A39746700C7466A /* Debug */,
				1D02B9531A39746700C7466A /* Release */,
			);
			defaultConfigurationIsVisible = 0;
		};
/* End XCConfigurationList section */
	};
	rootObject = 1D02B9271A39746600C7466A /* Project object */;
}
